
Microsoft Visual Studio Solution File, Format Version 12.00
# Visual Studio Version 17
VisualStudioVersion = 17.9.34616.47
MinimumVisualStudioVersion = 10.0.40219.1
Project("{9A19103F-16F7-4668-BE54-9A1E7A4F7556}") = "Domain", "Domain\Domain.csproj", "{BE48390B-71C5-4AAB-B067-D9C4840C41CB}"
EndProject
Project("{9A19103F-16F7-4668-BE54-9A1E7A4F7556}") = "Contracts", "Contracts\Contracts.csproj", "{15FEE32C-208E-4642-B8BD-937F9E5E0F40}"
EndProject
Project("{9A19103F-16F7-4668-BE54-9A1E7A4F7556}") = "Infastructure", "Infastructure\Infastructure.csproj", "{82CBACC8-1823-422D-9106-31EE4143B760}"
EndProject
Project("{9A19103F-16F7-4668-BE54-9A1E7A4F7556}") = "Application", "Application\Application.csproj", "{2EBAA9DB-5AD9-47C9-9D5C-8AD9C86310F5}"
EndProject
Project("{FAE04EC0-301F-11D3-BF4B-00C04F79EFBC}") = "Web.Api", "Web.Api\Web.Api.csproj", "{E58A62A1-CE8F-432F-BF33-492D29FA83FB}"
EndProject
Global
	GlobalSection(SolutionConfigurationPlatforms) = preSolution
		Debug|Any CPU = Debug|Any CPU
		Release|Any CPU = Release|Any CPU
	EndGlobalSection
	GlobalSection(ProjectConfigurationPlatforms) = postSolution
		{BE48390B-71C5-4AAB-B067-D9C4840C41CB}.Debug|Any CPU.ActiveCfg = Debug|Any CPU
		{BE48390B-71C5-4AAB-B067-D9C4840C41CB}.Debug|Any CPU.Build.0 = Debug|Any CPU
		{BE48390B-71C5-4AAB-B067-D9C4840C41CB}.Release|Any CPU.ActiveCfg = Release|Any CPU
		{BE48390B-71C5-4AAB-B067-D9C4840C41CB}.Release|Any CPU.Build.0 = Release|Any CPU
		{15FEE32C-208E-4642-B8BD-937F9E5E0F40}.Debug|Any CPU.ActiveCfg = Debug|Any CPU
		{15FEE32C-208E-4642-B8BD-937F9E5E0F40}.Debug|Any CPU.Build.0 = Debug|Any CPU
		{15FEE32C-208E-4642-B8BD-937F9E5E0F40}.Release|Any CPU.ActiveCfg = Release|Any CPU
		{15FEE32C-208E-4642-B8BD-937F9E5E0F40}.Release|Any CPU.Build.0 = Release|Any CPU
		{82CBACC8-1823-422D-9106-31EE4143B760}.Debug|Any CPU.ActiveCfg = Debug|Any CPU
		{82CBACC8-1823-422D-9106-31EE4143B760}.Debug|Any CPU.Build.0 = Debug|Any CPU
		{82CBACC8-1823-422D-9106-31EE4143B760}.Release|Any CPU.ActiveCfg = Release|Any CPU
		{82CBACC8-1823-422D-9106-31EE4143B760}.Release|Any CPU.Build.0 = Release|Any CPU
		{2EBAA9DB-5AD9-47C9-9D5C-8AD9C86310F5}.Debug|Any CPU.ActiveCfg = Debug|Any CPU
		{2EBAA9DB-5AD9-47C9-9D5C-8AD9C86310F5}.Debug|Any CPU.Build.0 = Debug|Any CPU
		{2EBAA9DB-5AD9-47C9-9D5C-8AD9C86310F5}.Release|Any CPU.ActiveCfg = Release|Any CPU
		{2EBAA9DB-5AD9-47C9-9D5C-8AD9C86310F5}.Release|Any CPU.Build.0 = Release|Any CPU
		{E58A62A1-CE8F-432F-BF33-492D29FA83FB}.Debug|Any CPU.ActiveCfg = Debug|Any CPU
		{E58A62A1-CE8F-432F-BF33-492D29FA83FB}.Debug|Any CPU.Build.0 = Debug|Any CPU
		{E58A62A1-CE8F-432F-BF33-492D29FA83FB}.Release|Any CPU.ActiveCfg = Release|Any CPU
		{E58A62A1-CE8F-432F-BF33-492D29FA83FB}.Release|Any CPU.Build.0 = Release|Any CPU
	EndGlobalSection
	GlobalSection(SolutionProperties) = preSolution
		HideSolutionNode = FALSE
	EndGlobalSection
	GlobalSection(ExtensibilityGlobals) = postSolution
		SolutionGuid = {5A4C96BF-1868-4A97-BA04-EA4900014790}
	EndGlobalSection
EndGlobal
